// !$*UTF8*$!
{
	archiveVersion = 1;
	classes = {
	};
	objectVersion = 56;
	objects = {

/* Begin PBXBuildFile section */
		BVD096657BA5C06A5541D724 /* DetailedEntryViewTests.swift in Sources */ = {isa = PBXBuildFile; fileRef = DED096657BA5C06A5541D724 /* DetailedEntryViewTests.swift */; };
		BVBAA77C8D9CB605BE54CF83 /* DetailedEntryView.swift in Sources */ = {isa = PBXBuildFile; fileRef = DVBAA77C8D9CB605BE54CF83 /* DetailedEntryView.swift */; };
		BV9F2FAA687AA44CF212207B /* VaultManagerTests.swift in Sources */ = {isa = PBXBuildFile; fileRef = VM9F2FAA687AA44CF212207B /* VaultManagerTests.swift */; };
		BK6ECED601BC342F6CF0DB4E /* MockKeychainManager.swift in Sources */ = {isa = PBXBuildFile; fileRef = MK6ECED601BC342F6CF0DB4E /* MockKeychainManager.swift */; };
		BFC2607578B331DAF7EAAE16 /* ThumbnailCache.swift in Sources */ = {isa = PBXBuildFile; fileRef = TCC2607578B331DAF7EAAE16 /* ThumbnailCache.swift */; };
		01154DFD8E4780DCA8525C8D /* KeychainManager.swift in Sources */ = {isa = PBXBuildFile; fileRef = C0EA4CF2B61D7268629049C3 /* KeychainManager.swift */; };
		30224799A6997F5892A3112F /* ClipboardRepository.swift in Sources */ = {isa = PBXBuildFile; fileRef = E12245DEA1025927C80F8AB4 /* ClipboardRepository.swift */; };
		3EFC4731B6BAE00994EDCCAC /* PasteboardMonitorTests.swift in Sources */ = {isa = PBXBuildFile; fileRef = 16A440328B2A14115F05ED6B /* PasteboardMonitorTests.swift */; };
		44A14E5C98CD540710387D64 /* ClipboardRepositoryTests.swift in Sources */ = {isa = PBXBuildFile; fileRef = 41C84264A786F45D55FBE8F6 /* ClipboardRepositoryTests.swift */; };
		452340959336E0F70EB0E085 /* ContentTypeDetectorTests.swift in Sources */ = {isa = PBXBuildFile; fileRef = 2EF64F3E817D0F4A3DA7F7FF /* ContentTypeDetectorTests.swift */; };
		6D233AFD2FB9D58C008F2A1F /* GRDB in Frameworks */ = {isa = PBXBuildFile; productRef = A3B4C5D6E7F8A9B0C1D2E3F5 /* GRDB */; };
		6D233AFE2FB9D58C008F2A1F /* GRDB in Frameworks */ = {isa = PBXBuildFile; productRef = A3B4C5D6E7F8A9B0C1D2E3F5 /* GRDB */; };
		7C7F410799CA195B5D44E0A9 /* ClipboardCaptureService.swift in Sources */ = {isa = PBXBuildFile; fileRef = 0F484042A9D8EA0790AA55A2 /* ClipboardCaptureService.swift */; };
		8F8444238005CF0B826FD22A /* ContentTypeDetector.swift in Sources */ = {isa = PBXBuildFile; fileRef = 2DDC49DBBC9E239E8A1FA3C1 /* ContentTypeDetector.swift */; };
		A1B2C3D4E5F6A7B8C9D0E103 /* AppDelegate.swift in Sources */ = {isa = PBXBuildFile; fileRef = B1C2D3E4F5A6B7C8D9E0F104 /* AppDelegate.swift */; };
		A1B2C3D4E5F6A7B8C9D0E1F2 /* ClipVaultApp.swift in Sources */ = {isa = PBXBuildFile; fileRef = B1C2D3E4F5A6B7C8D9E0F101 /* ClipVaultApp.swift */; };
		A1B2C3D4E5F6A7B8C9D0E204 /* DatabaseSchemaTests.swift in Sources */ = {isa = PBXBuildFile; fileRef = B1C2D3E4F5A6B7C8D9E0F204 /* DatabaseSchemaTests.swift */; };
		A1B2C3D4E5F6A7B8C9D0E205 /* DatabaseManagerTests.swift in Sources */ = {isa = PBXBuildFile; fileRef = B1C2D3E4F5A6B7C8D9E0F205 /* DatabaseManagerTests.swift */; };
		A1B2C3D4E5F6A7B8C9D0E206 /* EncryptionServiceTests.swift in Sources */ = {isa = PBXBuildFile; fileRef = B1C2D3E4F5A6B7C8D9E0F206 /* EncryptionServiceTests.swift */; };
		A1B2C3D4E5F6A7B8C9D0E2F1 /* ClipVaultTests.swift in Sources */ = {isa = PBXBuildFile; fileRef = B1C2D3E4F5A6B7C8D9E0F201 /* ClipVaultTests.swift */; };
		A1B2C3D4E5F6A7B8C9D0E2F2 /* EntitlementVerificationTests.swift in Sources */ = {isa = PBXBuildFile; fileRef = B1C2D3E4F5A6B7C8D9E0F202 /* EntitlementVerificationTests.swift */; };
		A1B2C3D4E5F6A7B8C9D0E301 /* ClipboardEntry.swift in Sources */ = {isa = PBXBuildFile; fileRef = B1C2D3E4F5A6B7C8D9E0F301 /* ClipboardEntry.swift */; };
		A1B2C3D4E5F6A7B8C9D0E302 /* DatabaseManager.swift in Sources */ = {isa = PBXBuildFile; fileRef = B1C2D3E4F5A6B7C8D9E0F302 /* DatabaseManager.swift */; };
		A1B2C3D4E5F6A7B8C9D0E303 /* EncryptionService.swift in Sources */ = {isa = PBXBuildFile; fileRef = B1C2D3E4F5A6B7C8D9E0F303 /* EncryptionService.swift */; };
		ABC1415B97228145E2EBE5B3 /* ClipboardCaptureServiceTests.swift in Sources */ = {isa = PBXBuildFile; fileRef = 316440D99010E3BF611CAE0C /* ClipboardCaptureServiceTests.swift */; };
		CF05446FB3D12E2D9DDCFB78 /* PasteboardMonitor.swift in Sources */ = {isa = PBXBuildFile; fileRef = 402B46C38F941D43B1EB4EA4 /* PasteboardMonitor.swift */; };
		P4T2_HISTORYPANEL_SWIFT_BUILD /* HistoryPanel.swift in Sources */ = {isa = PBXBuildFile; fileRef = P4T2_HISTORYPANEL_SWIFT_REF /* HistoryPanel.swift */; };
		P4T2_MENUBARCONTROLLER_SWIFT_BUILD /* MenuBarController.swift in Sources */ = {isa = PBXBuildFile; fileRef = P4T2_MENUBARCONTROLLER_SWIFT_REF /* MenuBarController.swift */; };
		P4_CLIPBOARDVIEWMODELTESTS_SWIFT_BUILD /* ClipboardViewModelTests.swift in Sources */ = {isa = PBXBuildFile; fileRef = P4_CLIPBOARDVIEWMODELTESTS_SWIFT_REF /* ClipboardViewModelTests.swift */; };
		P4_CLIPBOARDVIEWMODEL_SWIFT_BUILD /* ClipboardViewModel.swift in Sources */ = {isa = PBXBuildFile; fileRef = P4_CLIPBOARDVIEWMODEL_SWIFT_REF /* ClipboardViewModel.swift */; };
		P4_ENTRYROWVIEW_SWIFT_BUILD /* EntryRowView.swift in Sources */ = {isa = PBXBuildFile; fileRef = P4_ENTRYROWVIEW_SWIFT_REF /* EntryRowView.swift */; };
		P4_HISTORYPANELVIEW_SWIFT_BUILD /* HistoryPanelView.swift in Sources */ = {isa = PBXBuildFile; fileRef = P4_HISTORYPANELVIEW_SWIFT_REF /* HistoryPanelView.swift */; };
		P4_KEYBOARDHANDLER_SWIFT_BUILD /* KeyboardHandler.swift in Sources */ = {isa = PBXBuildFile; fileRef = P4_KEYBOARDHANDLER_SWIFT_REF /* KeyboardHandler.swift */; };
		P4_MENUBARCONTROLLERTESTS_SWIFT_BUILD /* MenuBarControllerTests.swift in Sources */ = {isa = PBXBuildFile; fileRef = P4_MENUBARCONTROLLERTESTS_SWIFT_REF /* MenuBarControllerTests.swift */; };
		P4_HISTORYCONTROLS_SWIFT_BUILD /* HistoryPanelControlTests.swift in Sources */ = {isa = PBXBuildFile; fileRef = P4_HISTORYCONTROLS_SWIFT_REF /* HistoryPanelControlTests.swift */; };
		P4_PREVIEW_CONTENTPREVIEWROUTER_SWIFT_BUILD /* ContentPreviewRouter.swift in Sources */ = {isa = PBXBuildFile; fileRef = P4_PREVIEW_CONTENTPREVIEWROUTER_SWIFT_REF /* ContentPreviewRouter.swift */; };
		P4_PREVIEW_CONTENTPREVIEWTESTS_SWIFT_BUILD /* ContentPreviewTests.swift in Sources */ = {isa = PBXBuildFile; fileRef = P4_PREVIEW_CONTENTPREVIEWTESTS_SWIFT_REF /* ContentPreviewTests.swift */; };
		P4_PREVIEW_FILEPREVIEW_SWIFT_BUILD /* FilePreview.swift in Sources */ = {isa = PBXBuildFile; fileRef = P4_PREVIEW_FILEPREVIEW_SWIFT_REF /* FilePreview.swift */; };
		P4_PREVIEW_IMAGEPREVIEW_SWIFT_BUILD /* ImagePreview.swift in Sources */ = {isa = PBXBuildFile; fileRef = P4_PREVIEW_IMAGEPREVIEW_SWIFT_REF /* ImagePreview.swift */; };
		P4_PREVIEW_TEXTPREVIEW_SWIFT_BUILD /* TextPreview.swift in Sources */ = {isa = PBXBuildFile; fileRef = P4_PREVIEW_TEXTPREVIEW_SWIFT_REF /* TextPreview.swift */; };
		P4_PREVIEW_URLPREVIEW_SWIFT_BUILD /* URLPreview.swift in Sources */ = {isa = PBXBuildFile; fileRef = P4_PREVIEW_URLPREVIEW_SWIFT_REF /* URLPreview.swift */; };
		P4_SEARCHBARVIEW_SWIFT_BUILD /* SearchBarView.swift in Sources */ = {isa = PBXBuildFile; fileRef = P4_SEARCHBARVIEW_SWIFT_REF /* SearchBarView.swift */; };
		P5F_SETTINGSMANAGER_SWIFT_BUILD /* SettingsManager.swift in Sources */ = {isa = PBXBuildFile; fileRef = P5F_SETTINGSMANAGER_SWIFT_REF /* SettingsManager.swift */; };
		P5F_SETTINGSVIEW_SWIFT_BUILD /* SettingsView.swift in Sources */ = {isa = PBXBuildFile; fileRef = P5F_SETTINGSVIEW_SWIFT_REF /* SettingsView.swift */; };
		P5F_VAULTMANAGER_SWIFT_BUILD /* VaultManager.swift in Sources */ = {isa = PBXBuildFile; fileRef = P5F_VAULTMANAGER_SWIFT_REF /* VaultManager.swift */; };
		P5_PASTESERVICETESTS_SWIFT_BUILD /* PasteServiceTests.swift in Sources */ = {isa = PBXBuildFile; fileRef = P5_PASTESERVICETESTS_SWIFT_REF /* PasteServiceTests.swift */; };
		P5_PASTESERVICE_SWIFT_BUILD /* PasteService.swift in Sources */ = {isa = PBXBuildFile; fileRef = P5_PASTESERVICE_SWIFT_REF /* PasteService.swift */; };
		PMT_MARKDOWNRENDERERTESTS_SWIFT_BUILD /* MarkdownRendererTests.swift in Sources */ = {isa = PBXBuildFile; fileRef = PMT_MARKDOWNRENDERERTESTS_SWIFT_REF /* MarkdownRendererTests.swift */; };
		PM_MARKDOWNRENDERER_SWIFT_BUILD /* MarkdownRenderer.swift in Sources */ = {isa = PBXBuildFile; fileRef = PM_MARKDOWNRENDERER_SWIFT_REF /* MarkdownRenderer.swift */; };
		SENSITIVE_SENSITIVECONTENTFILTERTESTS_SWIFT_BUILD /* SensitiveContentFilterTests.swift in Sources */ = {isa = PBXBuildFile; fileRef = SENSITIVE_SENSITIVECONTENTFILTERTESTS_SWIFT_REF /* SensitiveContentFilterTests.swift */; };
		SENSITIVE_SENSITIVECONTENTFILTER_SWIFT_BUILD /* SensitiveContentFilter.swift in Sources */ = {isa = PBXBuildFile; fileRef = SENSITIVE_SENSITIVECONTENTFILTER_SWIFT_REF /* SensitiveContentFilter.swift */; };
		ST_STRESSTESTS_SWIFT_BUILD /* StressTests.swift in Sources */ = {isa = PBXBuildFile; fileRef = ST_STRESSTESTS_SWIFT_REF /* StressTests.swift */; };
		T3_LAUNCHATLOGINTESTS_SWIFT_BUILD /* LaunchAtLoginTests.swift in Sources */ = {isa = PBXBuildFile; fileRef = T3_LAUNCHATLOGINTESTS_SWIFT_REF /* LaunchAtLoginTests.swift */; };
/* End PBXBuildFile section */

/* Begin PBXContainerItemProxy section */
		B1C2D3E4F5A6B7C8D9E0FD02 /* PBXContainerItemProxy */ = {
			isa = PBXContainerItemProxy;
			containerPortal = D1E2F3A4B5C6D7E8F9A0B1C2 /* Project object */;
			proxyType = 1;
			remoteGlobalIDString = D1E2F3A4B5C6D7E8F9A0B1C1;
			remoteInfo = ClipVault;
		};
/* End PBXContainerItemProxy section */

/* Begin PBXFileReference section */
		DED096657BA5C06A5541D724 /* DetailedEntryViewTests.swift */ = {isa = PBXFileReference; fileEncoding = 4; lastKnownFileType = sourcecode.swift; path = DetailedEntryViewTests.swift; sourceTree = "<group>"; };
		DVBAA77C8D9CB605BE54CF83 /* DetailedEntryView.swift */ = {isa = PBXFileReference; fileEncoding = 4; lastKnownFileType = sourcecode.swift; path = DetailedEntryView.swift; sourceTree = "<group>"; };
		VM9F2FAA687AA44CF212207B /* VaultManagerTests.swift */ = {isa = PBXFileReference; fileEncoding = 4; lastKnownFileType = sourcecode.swift; path = VaultManagerTests.swift; sourceTree = "<group>"; };
		MK6ECED601BC342F6CF0DB4E /* MockKeychainManager.swift */ = {isa = PBXFileReference; fileEncoding = 4; lastKnownFileType = sourcecode.swift; path = MockKeychainManager.swift; sourceTree = "<group>"; };
		TCC2607578B331DAF7EAAE16 /* ThumbnailCache.swift */ = {isa = PBXFileReference; fileEncoding = 4; lastKnownFileType = sourcecode.swift; path = ThumbnailCache.swift; sourceTree = "<group>"; };
		0F484042A9D8EA0790AA55A2 /* ClipboardCaptureService.swift */ = {isa = PBXFileReference; lastKnownFileType = sourcecode.swift; name = ClipboardCaptureService.swift; path = ClipVault/Services/ClipboardCaptureService.swift; sourceTree = SOURCE_ROOT; };
		16A440328B2A14115F05ED6B /* PasteboardMonitorTests.swift */ = {isa = PBXFileReference; lastKnownFileType = sourcecode.swift; name = PasteboardMonitorTests.swift; path = Tests/ClipVaultTests/PasteboardMonitorTests.swift; sourceTree = SOURCE_ROOT; };
		2DDC49DBBC9E239E8A1FA3C1 /* ContentTypeDetector.swift */ = {isa = PBXFileReference; lastKnownFileType = sourcecode.swift; name = ContentTypeDetector.swift; path = ClipVault/Services/ContentTypeDetector.swift; sourceTree = SOURCE_ROOT; };
		2EF64F3E817D0F4A3DA7F7FF /* ContentTypeDetectorTests.swift */ = {isa = PBXFileReference; lastKnownFileType = sourcecode.swift; name = ContentTypeDetectorTests.swift; path = Tests/ClipVaultTests/ContentTypeDetectorTests.swift; sourceTree = SOURCE_ROOT; };
		316440D99010E3BF611CAE0C /* ClipboardCaptureServiceTests.swift */ = {isa = PBXFileReference; lastKnownFileType = sourcecode.swift; name = ClipboardCaptureServiceTests.swift; path = Tests/ClipVaultTests/ClipboardCaptureServiceTests.swift; sourceTree = SOURCE_ROOT; };
		402B46C38F941D43B1EB4EA4 /* PasteboardMonitor.swift */ = {isa = PBXFileReference; lastKnownFileType = sourcecode.swift; name = PasteboardMonitor.swift; path = ClipVault/Services/PasteboardMonitor.swift; sourceTree = SOURCE_ROOT; };
		41C84264A786F45D55FBE8F6 /* ClipboardRepositoryTests.swift */ = {isa = PBXFileReference; lastKnownFileType = sourcecode.swift; name = ClipboardRepositoryTests.swift; path = Tests/ClipVaultTests/ClipboardRepositoryTests.swift; sourceTree = SOURCE_ROOT; };
		B1C2D3E4F5A6B7C8D9E0F101 /* ClipVaultApp.swift */ = {isa = PBXFileReference; lastKnownFileType = sourcecode.swift; path = ClipVaultApp.swift; sourceTree = "<group>"; };
		B1C2D3E4F5A6B7C8D9E0F102 /* Info.plist */ = {isa = PBXFileReference; lastKnownFileType = text.plist.xml; path = Info.plist; sourceTree = "<group>"; };
		B1C2D3E4F5A6B7C8D9E0F103 /* ClipVault.entitlements */ = {isa = PBXFileReference; lastKnownFileType = text.plist.entitlements; path = ClipVault.entitlements; sourceTree = "<group>"; };
		B1C2D3E4F5A6B7C8D9E0F104 /* AppDelegate.swift */ = {isa = PBXFileReference; lastKnownFileType = sourcecode.swift; path = AppDelegate.swift; sourceTree = "<group>"; };
		B1C2D3E4F5A6B7C8D9E0F1A0 /* ClipVault.app */ = {isa = PBXFileReference; explicitFileType = wrapper.application; includeInIndex = 0; path = ClipVault.app; sourceTree = BUILT_PRODUCTS_DIR; };
		B1C2D3E4F5A6B7C8D9E0F201 /* ClipVaultTests.swift */ = {isa = PBXFileReference; lastKnownFileType = sourcecode.swift; path = ClipVaultTests.swift; sourceTree = "<group>"; };
		B1C2D3E4F5A6B7C8D9E0F202 /* EntitlementVerificationTests.swift */ = {isa = PBXFileReference; lastKnownFileType = sourcecode.swift; path = EntitlementVerificationTests.swift; sourceTree = "<group>"; };
		B1C2D3E4F5A6B7C8D9E0F203 /* MenuBarLifecycleTests.swift */ = {isa = PBXFileReference; lastKnownFileType = sourcecode.swift; path = MenuBarLifecycleTests.swift; sourceTree = "<group>"; };
		B1C2D3E4F5A6B7C8D9E0F204 /* DatabaseSchemaTests.swift */ = {isa = PBXFileReference; lastKnownFileType = sourcecode.swift; path = DatabaseSchemaTests.swift; sourceTree = "<group>"; };
		B1C2D3E4F5A6B7C8D9E0F205 /* DatabaseManagerTests.swift */ = {isa = PBXFileReference; lastKnownFileType = sourcecode.swift; path = DatabaseManagerTests.swift; sourceTree = "<group>"; };
		B1C2D3E4F5A6B7C8D9E0F206 /* EncryptionServiceTests.swift */ = {isa = PBXFileReference; lastKnownFileType = sourcecode.swift; path = EncryptionServiceTests.swift; sourceTree = "<group>"; };
		B1C2D3E4F5A6B7C8D9E0F2A0 /* ClipVaultTests.xctest */ = {isa = PBXFileReference; explicitFileType = wrapper.cfbundle; includeInIndex = 0; path = ClipVaultTests.xctest; sourceTree = BUILT_PRODUCTS_DIR; };
		B1C2D3E4F5A6B7C8D9E0F301 /* ClipboardEntry.swift */ = {isa = PBXFileReference; lastKnownFileType = sourcecode.swift; path = ClipboardEntry.swift; sourceTree = "<group>"; };
		B1C2D3E4F5A6B7C8D9E0F302 /* DatabaseManager.swift */ = {isa = PBXFileReference; lastKnownFileType = sourcecode.swift; path = DatabaseManager.swift; sourceTree = "<group>"; };
		B1C2D3E4F5A6B7C8D9E0F303 /* EncryptionService.swift */ = {isa = PBXFileReference; lastKnownFileType = sourcecode.swift; path = EncryptionService.swift; sourceTree = "<group>"; };
		C0EA4CF2B61D7268629049C3 /* KeychainManager.swift */ = {isa = PBXFileReference; lastKnownFileType = sourcecode.swift; name = KeychainManager.swift; path = ClipVault/Services/KeychainManager.swift; sourceTree = SOURCE_ROOT; };
		E12245DEA1025927C80F8AB4 /* ClipboardRepository.swift */ = {isa = PBXFileReference; lastKnownFileType = sourcecode.swift; name = ClipboardRepository.swift; path = ClipVault/Services/ClipboardRepository.swift; sourceTree = SOURCE_ROOT; };
		P4T2_HISTORYPANEL_SWIFT_REF /* HistoryPanel.swift */ = {isa = PBXFileReference; lastKnownFileType = sourcecode.swift; name = HistoryPanel.swift; path = ClipVault/Views/HistoryPanel.swift; sourceTree = SOURCE_ROOT; };
		P4T2_MENUBARCONTROLLER_SWIFT_REF /* MenuBarController.swift */ = {isa = PBXFileReference; lastKnownFileType = sourcecode.swift; name = MenuBarController.swift; path = ClipVault/Services/MenuBarController.swift; sourceTree = SOURCE_ROOT; };
		P4_CLIPBOARDVIEWMODELTESTS_SWIFT_REF /* ClipboardViewModelTests.swift */ = {isa = PBXFileReference; lastKnownFileType = sourcecode.swift; name = ClipboardViewModelTests.swift; path = Tests/ClipVaultTests/ClipboardViewModelTests.swift; sourceTree = SOURCE_ROOT; };
		P4_CLIPBOARDVIEWMODEL_SWIFT_REF /* ClipboardViewModel.swift */ = {isa = PBXFileReference; lastKnownFileType = sourcecode.swift; name = ClipboardViewModel.swift; path = ClipVault/Models/ClipboardViewModel.swift; sourceTree = SOURCE_ROOT; };
		P4_ENTRYROWVIEW_SWIFT_REF /* EntryRowView.swift */ = {isa = PBXFileReference; lastKnownFileType = sourcecode.swift; name = EntryRowView.swift; path = ClipVault/Views/EntryRowView.swift; sourceTree = SOURCE_ROOT; };
		P4_HISTORYPANELVIEW_SWIFT_REF /* HistoryPanelView.swift */ = {isa = PBXFileReference; lastKnownFileType = sourcecode.swift; name = HistoryPanelView.swift; path = ClipVault/Views/HistoryPanelView.swift; sourceTree = SOURCE_ROOT; };
		P4_KEYBOARDHANDLER_SWIFT_REF /* KeyboardHandler.swift */ = {isa = PBXFileReference; lastKnownFileType = sourcecode.swift; name = KeyboardHandler.swift; path = ClipVault/Services/KeyboardHandler.swift; sourceTree = SOURCE_ROOT; };
		P4_MENUBARCONTROLLERTESTS_SWIFT_REF /* MenuBarControllerTests.swift */ = {isa = PBXFileReference; lastKnownFileType = sourcecode.swift; name = MenuBarControllerTests.swift; path = Tests/ClipVaultTests/MenuBarControllerTests.swift; sourceTree = SOURCE_ROOT; };
		P4_HISTORYCONTROLS_SWIFT_REF /* HistoryPanelControlTests.swift */ = {isa = PBXFileReference; lastKnownFileType = sourcecode.swift; name = HistoryPanelControlTests.swift; path = Tests/ClipVaultTests/HistoryPanelControlTests.swift; sourceTree = SOURCE_ROOT; };
		P4_PREVIEW_CONTENTPREVIEWROUTER_SWIFT_REF /* ContentPreviewRouter.swift */ = {isa = PBXFileReference; lastKnownFileType = sourcecode.swift; name = ContentPreviewRouter.swift; path = ClipVault/Views/Previews/ContentPreviewRouter.swift; sourceTree = SOURCE_ROOT; };
		P4_PREVIEW_CONTENTPREVIEWTESTS_SWIFT_REF /* ContentPreviewTests.swift */ = {isa = PBXFileReference; lastKnownFileType = sourcecode.swift; name = ContentPreviewTests.swift; path = Tests/ClipVaultTests/ContentPreviewTests.swift; sourceTree = SOURCE_ROOT; };
		P4_PREVIEW_FILEPREVIEW_SWIFT_REF /* FilePreview.swift */ = {isa = PBXFileReference; lastKnownFileType = sourcecode.swift; name = FilePreview.swift; path = ClipVault/Views/Previews/FilePreview.swift; sourceTree = SOURCE_ROOT; };
		P4_PREVIEW_IMAGEPREVIEW_SWIFT_REF /* ImagePreview.swift */ = {isa = PBXFileReference; lastKnownFileType = sourcecode.swift; name = ImagePreview.swift; path = ClipVault/Views/Previews/ImagePreview.swift; sourceTree = SOURCE_ROOT; };
		P4_PREVIEW_TEXTPREVIEW_SWIFT_REF /* TextPreview.swift */ = {isa = PBXFileReference; lastKnownFileType = sourcecode.swift; name = TextPreview.swift; path = ClipVault/Views/Previews/TextPreview.swift; sourceTree = SOURCE_ROOT; };
		P4_PREVIEW_URLPREVIEW_SWIFT_REF /* URLPreview.swift */ = {isa = PBXFileReference; lastKnownFileType = sourcecode.swift; name = URLPreview.swift; path = ClipVault/Views/Previews/URLPreview.swift; sourceTree = SOURCE_ROOT; };
		P4_SEARCHBARVIEW_SWIFT_REF /* SearchBarView.swift */ = {isa = PBXFileReference; lastKnownFileType = sourcecode.swift; name = SearchBarView.swift; path = ClipVault/Views/SearchBarView.swift; sourceTree = SOURCE_ROOT; };
		P5F_SETTINGSMANAGER_SWIFT_REF /* SettingsManager.swift */ = {isa = PBXFileReference; lastKnownFileType = sourcecode.swift; name = SettingsManager.swift; path = ClipVault/Services/SettingsManager.swift; sourceTree = SOURCE_ROOT; };
		P5F_SETTINGSVIEW_SWIFT_REF /* SettingsView.swift */ = {isa = PBXFileReference; lastKnownFileType = sourcecode.swift; name = SettingsView.swift; path = ClipVault/Views/SettingsView.swift; sourceTree = SOURCE_ROOT; };
		P5F_VAULTMANAGER_SWIFT_REF /* VaultManager.swift */ = {isa = PBXFileReference; lastKnownFileType = sourcecode.swift; name = VaultManager.swift; path = ClipVault/Services/VaultManager.swift; sourceTree = SOURCE_ROOT; };
		P5_PASTESERVICETESTS_SWIFT_REF /* PasteServiceTests.swift */ = {isa = PBXFileReference; lastKnownFileType = sourcecode.swift; name = PasteServiceTests.swift; path = Tests/ClipVaultTests/PasteServiceTests.swift; sourceTree = SOURCE_ROOT; };
		P5_PASTESERVICE_SWIFT_REF /* PasteService.swift */ = {isa = PBXFileReference; lastKnownFileType = sourcecode.swift; name = PasteService.swift; path = ClipVault/Services/PasteService.swift; sourceTree = SOURCE_ROOT; };
		PMT_MARKDOWNRENDERERTESTS_SWIFT_REF /* MarkdownRendererTests.swift */ = {isa = PBXFileReference; lastKnownFileType = sourcecode.swift; name = MarkdownRendererTests.swift; path = Tests/ClipVaultTests/MarkdownRendererTests.swift; sourceTree = SOURCE_ROOT; };
		PM_MARKDOWNRENDERER_SWIFT_REF /* MarkdownRenderer.swift */ = {isa = PBXFileReference; lastKnownFileType = sourcecode.swift; name = MarkdownRenderer.swift; path = ClipVault/Utilities/MarkdownRenderer.swift; sourceTree = SOURCE_ROOT; };
		SENSITIVE_SENSITIVECONTENTFILTERTESTS_SWIFT_REF /* SensitiveContentFilterTests.swift */ = {isa = PBXFileReference; lastKnownFileType = sourcecode.swift; name = SensitiveContentFilterTests.swift; path = Tests/ClipVaultTests/SensitiveContentFilterTests.swift; sourceTree = SOURCE_ROOT; };
		SENSITIVE_SENSITIVECONTENTFILTER_SWIFT_REF /* SensitiveContentFilter.swift */ = {isa = PBXFileReference; lastKnownFileType = sourcecode.swift; name = SensitiveContentFilter.swift; path = ClipVault/Services/SensitiveContentFilter.swift; sourceTree = SOURCE_ROOT; };
		ST_STRESSTESTS_SWIFT_REF /* StressTests.swift */ = {isa = PBXFileReference; lastKnownFileType = sourcecode.swift; name = StressTests.swift; path = Tests/ClipVaultTests/StressTests.swift; sourceTree = SOURCE_ROOT; };
		T3_LAUNCHATLOGINTESTS_SWIFT_REF /* LaunchAtLoginTests.swift */ = {isa = PBXFileReference; lastKnownFileType = sourcecode.swift; name = LaunchAtLoginTests.swift; path = Tests/ClipVaultTests/LaunchAtLoginTests.swift; sourceTree = SOURCE_ROOT; };
/* End PBXFileReference section */

/* Begin PBXFrameworksBuildPhase section */
		F2A3B4C5D6E7F8A9B0C1D2E2 /* Frameworks */ = {
			isa = PBXFrameworksBuildPhase;
			buildActionMask = 2147483647;
			files = (
				6D233AFD2FB9D58C008F2A1F /* GRDB in Frameworks */,
			);
			runOnlyForDeploymentPostprocessing = 0;
		};
		F2A3B4C5D6E7F8A9B0C2D2E2 /* Frameworks */ = {
			isa = PBXFrameworksBuildPhase;
			buildActionMask = 2147483647;
			files = (
				6D233AFE2FB9D58C008F2A1F /* GRDB in Frameworks */,
			);
			runOnlyForDeploymentPostprocessing = 0;
		};
/* End PBXFrameworksBuildPhase section */

/* Begin PBXGroup section */
		C1D2E3F4A5B6C7D8E9F0A1B1 = {
			isa = PBXGroup;
			children = (
				C1D2E3F4A5B6C7D8E9F0A1B2 /* ClipVault */,
				C1D2E3F4A5B6C7D8E9F0A1B7 /* Tests */,
				C1D2E3F4A5B6C7D8E9F0A1B8 /* Products */,
				402B46C38F941D43B1EB4EA4 /* PasteboardMonitor.swift */,
				2DDC49DBBC9E239E8A1FA3C1 /* ContentTypeDetector.swift */,
				16A440328B2A14115F05ED6B /* PasteboardMonitorTests.swift */,
				2EF64F3E817D0F4A3DA7F7FF /* ContentTypeDetectorTests.swift */,
				0F484042A9D8EA0790AA55A2 /* ClipboardCaptureService.swift */,
				316440D99010E3BF611CAE0C /* ClipboardCaptureServiceTests.swift */,
				E12245DEA1025927C80F8AB4 /* ClipboardRepository.swift */,
				41C84264A786F45D55FBE8F6 /* ClipboardRepositoryTests.swift */,
				C0EA4CF2B61D7268629049C3 /* KeychainManager.swift */,
			);
			sourceTree = "<group>";
		};
		C1D2E3F4A5B6C7D8E9F0A1B2 /* ClipVault */ = {
			isa = PBXGroup;
			children = (
				B1C2D3E4F5A6B7C8D9E0F101 /* ClipVaultApp.swift */,
				B1C2D3E4F5A6B7C8D9E0F104 /* AppDelegate.swift */,
				B1C2D3E4F5A6B7C8D9E0F102 /* Info.plist */,
				B1C2D3E4F5A6B7C8D9E0F103 /* ClipVault.entitlements */,
				C1D2E3F4A5B6C7D8E9F0A1B3 /* Models */,
				C1D2E3F4A5B6C7D8E9F0A1B4 /* Services */,
				C1D2E3F4A5B6C7D8E9F0A1B5 /* Views */,
				C1D2E3F4A5B6C7D8E9F0A1B6 /* Utilities */,
			);
			path = ClipVault;
			sourceTree = "<group>";
		};
		C1D2E3F4A5B6C7D8E9F0A1B3 /* Models */ = {
			isa = PBXGroup;
			children = (
				B1C2D3E4F5A6B7C8D9E0F301 /* ClipboardEntry.swift */,
				P4_CLIPBOARDVIEWMODEL_SWIFT_REF /* ClipboardViewModel.swift */,
			);
			path = Models;
			sourceTree = "<group>";
		};
		C1D2E3F4A5B6C7D8E9F0A1B4 /* Services */ = {
			isa = PBXGroup;
			children = (
				B1C2D3E4F5A6B7C8D9E0F302 /* DatabaseManager.swift */,
				B1C2D3E4F5A6B7C8D9E0F303 /* EncryptionService.swift */,
				SENSITIVE_SENSITIVECONTENTFILTER_SWIFT_REF /* SensitiveContentFilter.swift */,
				P4T2_MENUBARCONTROLLER_SWIFT_REF /* MenuBarController.swift */,
				P4_KEYBOARDHANDLER_SWIFT_REF /* KeyboardHandler.swift */,
				P5_PASTESERVICE_SWIFT_REF /* PasteService.swift */,
				P5F_SETTINGSMANAGER_SWIFT_REF /* SettingsManager.swift */,
				P5F_VAULTMANAGER_SWIFT_REF /* VaultManager.swift */,
			);
			path = Services;
			sourceTree = "<group>";
		};
		C1D2E3F4A5B6C7D8E9F0A1B5 /* Views */ = {
			isa = PBXGroup;
			children = (
				P4_HISTORYPANELVIEW_SWIFT_REF /* HistoryPanelView.swift */,
				P4_SEARCHBARVIEW_SWIFT_REF /* SearchBarView.swift */,
				P4_ENTRYROWVIEW_SWIFT_REF /* EntryRowView.swift */,
				P4T2_HISTORYPANEL_SWIFT_REF /* HistoryPanel.swift */,
				P4_PREVIEW_TEXTPREVIEW_SWIFT_REF /* TextPreview.swift */,
				P4_PREVIEW_IMAGEPREVIEW_SWIFT_REF /* ImagePreview.swift */,
				P4_PREVIEW_FILEPREVIEW_SWIFT_REF /* FilePreview.swift */,
				P4_PREVIEW_URLPREVIEW_SWIFT_REF /* URLPreview.swift */,
				P4_PREVIEW_CONTENTPREVIEWROUTER_SWIFT_REF /* ContentPreviewRouter.swift */,
				P5F_SETTINGSVIEW_SWIFT_REF /* SettingsView.swift */,
							DVBAA77C8D9CB605BE54CF83 /* DetailedEntryView.swift */,
);
			path = Views;
			sourceTree = "<group>";
		};
		C1D2E3F4A5B6C7D8E9F0A1B6 /* Utilities */ = {
			isa = PBXGroup;
			children = (
				PM_MARKDOWNRENDERER_SWIFT_REF /* MarkdownRenderer.swift */,
							TCC2607578B331DAF7EAAE16 /* ThumbnailCache.swift */,
);
			path = Utilities;
			sourceTree = "<group>";
		};
		C1D2E3F4A5B6C7D8E9F0A1B7 /* Tests */ = {
			isa = PBXGroup;
			children = (
				C1D2E3F4A5B6C7D8E9F0A2B1 /* ClipVaultTests */,
			);
			path = Tests;
			sourceTree = "<group>";
		};
		C1D2E3F4A5B6C7D8E9F0A1B8 /* Products */ = {
			isa = PBXGroup;
			children = (
				B1C2D3E4F5A6B7C8D9E0F1A0 /* ClipVault.app */,
				B1C2D3E4F5A6B7C8D9E0F2A0 /* ClipVaultTests.xctest */,
			);
			name = Products;
			sourceTree = "<group>";
		};
		C1D2E3F4A5B6C7D8E9F0A2B1 /* ClipVaultTests */ = {
			isa = PBXGroup;
			children = (
				B1C2D3E4F5A6B7C8D9E0F201 /* ClipVaultTests.swift */,
				B1C2D3E4F5A6B7C8D9E0F203 /* MenuBarLifecycleTests.swift */,
				B1C2D3E4F5A6B7C8D9E0F202 /* EntitlementVerificationTests.swift */,
				B1C2D3E4F5A6B7C8D9E0F204 /* DatabaseSchemaTests.swift */,
				B1C2D3E4F5A6B7C8D9E0F205 /* DatabaseManagerTests.swift */,
				B1C2D3E4F5A6B7C8D9E0F206 /* EncryptionServiceTests.swift */,
				SENSITIVE_SENSITIVECONTENTFILTERTESTS_SWIFT_REF /* SensitiveContentFilterTests.swift */,
				P4_CLIPBOARDVIEWMODELTESTS_SWIFT_REF /* ClipboardViewModelTests.swift */,
				P4_MENUBARCONTROLLERTESTS_SWIFT_REF /* MenuBarControllerTests.swift */,
				P4_HISTORYCONTROLS_SWIFT_REF /* HistoryPanelControlTests.swift */,
				P4_PREVIEW_CONTENTPREVIEWTESTS_SWIFT_REF /* ContentPreviewTests.swift */,
				P5_PASTESERVICETESTS_SWIFT_REF /* PasteServiceTests.swift */,
				PMT_MARKDOWNRENDERERTESTS_SWIFT_REF /* MarkdownRendererTests.swift */,
				ST_STRESSTESTS_SWIFT_REF /* StressTests.swift */,
				T3_LAUNCHATLOGINTESTS_SWIFT_REF /* LaunchAtLoginTests.swift */,
							MK6ECED601BC342F6CF0DB4E /* MockKeychainManager.swift */,
				VM9F2FAA687AA44CF212207B /* VaultManagerTests.swift */,
				DED096657BA5C06A5541D724 /* DetailedEntryViewTests.swift */,
);
			path = ClipVaultTests;
			sourceTree = "<group>";
		};
/* End PBXGroup section */

/* Begin PBXNativeTarget section */
		D1E2F3A4B5C6D7E8F9A0B1C1 /* ClipVault */ = {
			isa = PBXNativeTarget;
			buildConfigurationList = E1F2A3B4C5D6E7F8A9B0C1D2 /* Build configuration list for PBXNativeTarget "ClipVault" */;
			buildPhases = (
				F2A3B4C5D6E7F8A9B0C1D2E1 /* Sources */,
				F2A3B4C5D6E7F8A9B0C1D2E2 /* Frameworks */,
				F2A3B4C5D6E7F8A9B0C1D2E3 /* Resources */,
			);
			buildRules = (
			);
			dependencies = (
			);
			name = ClipVault;
			packageProductDependencies = (
				A3B4C5D6E7F8A9B0C1D2E3F5 /* GRDB */,
			);
			productName = ClipVault;
			productReference = B1C2D3E4F5A6B7C8D9E0F1A0 /* ClipVault.app */;
			productType = "com.apple.product-type.application";
		};
		D1E2F3A4B5C6D7E8F9A0B2C1 /* ClipVaultTests */ = {
			isa = PBXNativeTarget;
			buildConfigurationList = E1F2A3B4C5D6E7F8A9B0C2D1 /* Build configuration list for PBXNativeTarget "ClipVaultTests" */;
			buildPhases = (
				F2A3B4C5D6E7F8A9B0C2D2E1 /* Sources */,
				F2A3B4C5D6E7F8A9B0C2D2E2 /* Frameworks */,
			);
			buildRules = (
			);
			dependencies = (
				B1C2D3E4F5A6B7C8D9E0FD01 /* PBXTargetDependency */,
			);
			name = ClipVaultTests;
			packageProductDependencies = (
				A3B4C5D6E7F8A9B0C1D2E3F5 /* GRDB */,
			);
			productName = ClipVaultTests;
			productReference = B1C2D3E4F5A6B7C8D9E0F2A0 /* ClipVaultTests.xctest */;
			productType = "com.apple.product-type.bundle.unit-test";
		};
/* End PBXNativeTarget section */

/* Begin PBXProject section */
		D1E2F3A4B5C6D7E8F9A0B1C2 /* Project object */ = {
			isa = PBXProject;
			attributes = {
				BuildIndependentTargetsInParallel = 1;
				LastSwiftUpdateCheck = 1600;
				LastUpgradeCheck = 2650;
				TargetAttributes = {
					D1E2F3A4B5C6D7E8F9A0B1C1 = {
						CreatedOnToolsVersion = 16.0;
					};
					D1E2F3A4B5C6D7E8F9A0B2C1 = {
						CreatedOnToolsVersion = 16.0;
						TestTargetID = D1E2F3A4B5C6D7E8F9A0B1C1;
					};
				};
			};
			buildConfigurationList = E1F2A3B4C5D6E7F8A9B0C1D1 /* Build configuration list for PBXProject "ClipVault" */;
			compatibilityVersion = "Xcode 14.0";
			developmentRegion = en;
			hasScannedForEncodings = 0;
			knownRegions = (
				en,
				Base,
			);
			mainGroup = C1D2E3F4A5B6C7D8E9F0A1B1;
			packageReferences = (
				A3B4C5D6E7F8A9B0C1D2E3F4 /* XCRemoteSwiftPackageReference "GRDB" */,
			);
			productRefGroup = C1D2E3F4A5B6C7D8E9F0A1B8 /* Products */;
			projectDirPath = "";
			projectRoot = "";
			targets = (
				D1E2F3A4B5C6D7E8F9A0B1C1 /* ClipVault */,
				D1E2F3A4B5C6D7E8F9A0B2C1 /* ClipVaultTests */,
			);
		};
/* End PBXProject section */

/* Begin PBXResourcesBuildPhase section */
		F2A3B4C5D6E7F8A9B0C1D2E3 /* Resources */ = {
			isa = PBXResourcesBuildPhase;
			buildActionMask = 2147483647;
			files = (
			);
			runOnlyForDeploymentPostprocessing = 0;
		};
/* End PBXResourcesBuildPhase section */

/* Begin PBXSourcesBuildPhase section */
		F2A3B4C5D6E7F8A9B0C1D2E1 /* Sources */ = {
			isa = PBXSourcesBuildPhase;
			buildActionMask = 2147483647;
			files = (
				A1B2C3D4E5F6A7B8C9D0E103 /* AppDelegate.swift in Sources */,
				A1B2C3D4E5F6A7B8C9D0E1F2 /* ClipVaultApp.swift in Sources */,
				A1B2C3D4E5F6A7B8C9D0E301 /* ClipboardEntry.swift in Sources */,
				A1B2C3D4E5F6A7B8C9D0E302 /* DatabaseManager.swift in Sources */,
				A1B2C3D4E5F6A7B8C9D0E303 /* EncryptionService.swift in Sources */,
				CF05446FB3D12E2D9DDCFB78 /* PasteboardMonitor.swift in Sources */,
				8F8444238005CF0B826FD22A /* ContentTypeDetector.swift in Sources */,
				7C7F410799CA195B5D44E0A9 /* ClipboardCaptureService.swift in Sources */,
				30224799A6997F5892A3112F /* ClipboardRepository.swift in Sources */,
				01154DFD8E4780DCA8525C8D /* KeychainManager.swift in Sources */,
				SENSITIVE_SENSITIVECONTENTFILTER_SWIFT_BUILD /* SensitiveContentFilter.swift in Sources */,
				P4_CLIPBOARDVIEWMODEL_SWIFT_BUILD /* ClipboardViewModel.swift in Sources */,
				P4_HISTORYPANELVIEW_SWIFT_BUILD /* HistoryPanelView.swift in Sources */,
				P4_SEARCHBARVIEW_SWIFT_BUILD /* SearchBarView.swift in Sources */,
				P4_ENTRYROWVIEW_SWIFT_BUILD /* EntryRowView.swift in Sources */,
				P4T2_MENUBARCONTROLLER_SWIFT_BUILD /* MenuBarController.swift in Sources */,
				P4T2_HISTORYPANEL_SWIFT_BUILD /* HistoryPanel.swift in Sources */,
				P4_KEYBOARDHANDLER_SWIFT_BUILD /* KeyboardHandler.swift in Sources */,
				P4_PREVIEW_TEXTPREVIEW_SWIFT_BUILD /* TextPreview.swift in Sources */,
				P4_PREVIEW_IMAGEPREVIEW_SWIFT_BUILD /* ImagePreview.swift in Sources */,
				P4_PREVIEW_FILEPREVIEW_SWIFT_BUILD /* FilePreview.swift in Sources */,
				P4_PREVIEW_URLPREVIEW_SWIFT_BUILD /* URLPreview.swift in Sources */,
				P4_PREVIEW_CONTENTPREVIEWROUTER_SWIFT_BUILD /* ContentPreviewRouter.swift in Sources */,
				P5_PASTESERVICE_SWIFT_BUILD /* PasteService.swift in Sources */,
				P5F_SETTINGSMANAGER_SWIFT_BUILD /* SettingsManager.swift in Sources */,
				P5F_VAULTMANAGER_SWIFT_BUILD /* VaultManager.swift in Sources */,
				P5F_SETTINGSVIEW_SWIFT_BUILD /* SettingsView.swift in Sources */,
				PM_MARKDOWNRENDERER_SWIFT_BUILD /* MarkdownRenderer.swift in Sources */,
							BFC2607578B331DAF7EAAE16 /* ThumbnailCache.swift in Sources */,
				BVBAA77C8D9CB605BE54CF83 /* DetailedEntryView.swift in Sources */,
);
			runOnlyForDeploymentPostprocessing = 0;
		};
		F2A3B4C5D6E7F8A9B0C2D2E1 /* Sources */ = {
			isa = PBXSourcesBuildPhase;
			buildActionMask = 2147483647;
			files = (
				A1B2C3D4E5F6A7B8C9D0E2F1 /* ClipVaultTests.swift in Sources */,
				A1B2C3D4E5F6A7B8C9D0E2F2 /* EntitlementVerificationTests.swift in Sources */,
				A1B2C3D4E5F6A7B8C9D0E204 /* DatabaseSchemaTests.swift in Sources */,
				A1B2C3D4E5F6A7B8C9D0E205 /* DatabaseManagerTests.swift in Sources */,
				A1B2C3D4E5F6A7B8C9D0E206 /* EncryptionServiceTests.swift in Sources */,
				3EFC4731B6BAE00994EDCCAC /* PasteboardMonitorTests.swift in Sources */,
				452340959336E0F70EB0E085 /* ContentTypeDetectorTests.swift in Sources */,
				ABC1415B97228145E2EBE5B3 /* ClipboardCaptureServiceTests.swift in Sources */,
				44A14E5C98CD540710387D64 /* ClipboardRepositoryTests.swift in Sources */,
				SENSITIVE_SENSITIVECONTENTFILTERTESTS_SWIFT_BUILD /* SensitiveContentFilterTests.swift in Sources */,
				P4_CLIPBOARDVIEWMODELTESTS_SWIFT_BUILD /* ClipboardViewModelTests.swift in Sources */,
				P4_MENUBARCONTROLLERTESTS_SWIFT_BUILD /* MenuBarControllerTests.swift in Sources */,
				P4_HISTORYCONTROLS_SWIFT_BUILD /* HistoryPanelControlTests.swift in Sources */,
				P4_PREVIEW_CONTENTPREVIEWTESTS_SWIFT_BUILD /* ContentPreviewTests.swift in Sources */,
				P5_PASTESERVICETESTS_SWIFT_BUILD /* PasteServiceTests.swift in Sources */,
				PMT_MARKDOWNRENDERERTESTS_SWIFT_BUILD /* MarkdownRendererTests.swift in Sources */,
				ST_STRESSTESTS_SWIFT_BUILD /* StressTests.swift in Sources */,
				T3_LAUNCHATLOGINTESTS_SWIFT_BUILD /* LaunchAtLoginTests.swift in Sources */,
							BK6ECED601BC342F6CF0DB4E /* MockKeychainManager.swift in Sources */,
				BV9F2FAA687AA44CF212207B /* VaultManagerTests.swift in Sources */,
				BVD096657BA5C06A5541D724 /* DetailedEntryViewTests.swift in Sources */,
);
			runOnlyForDeploymentPostprocessing = 0;
		};
/* End PBXSourcesBuildPhase section */

/* Begin PBXTargetDependency section */
		B1C2D3E4F5A6B7C8D9E0FD01 /* PBXTargetDependency */ = {
			isa = PBXTargetDependency;
			target = D1E2F3A4B5C6D7E8F9A0B1C1 /* ClipVault */;
			targetProxy = B1C2D3E4F5A6B7C8D9E0FD02 /* PBXContainerItemProxy */;
		};
/* End PBXTargetDependency section */

/* Begin XCBuildConfiguration section */
		F1A2B3C4D5E6F7A8B9C0D1E1 /* Debug */ = {
			isa = XCBuildConfiguration;
			buildSettings = {
				ALWAYS_SEARCH_USER_PATHS = NO;
				ASSETCATALOG_COMPILER_GENERATE_SWIFT_ASSET_SYMBOL_EXTENSIONS = YES;
				CLANG_ANALYZER_NONNULL = YES;
				CLANG_ANALYZER_NUMBER_OBJECT_CONVERSION = YES_AGGRESSIVE;
				CLANG_CXX_LANGUAGE_STANDARD = "gnu++20";
				CLANG_ENABLE_MODULES = YES;
				CLANG_ENABLE_OBJC_ARC = YES;
				CLANG_ENABLE_OBJC_WEAK = YES;
				CLANG_WARN_BLOCK_CAPTURE_AUTORELEASING = YES;
				CLANG_WARN_BOOL_CONVERSION = YES;
				CLANG_WARN_COMMA = YES;
				CLANG_WARN_CONSTANT_CONVERSION = YES;
				CLANG_WARN_DEPRECATED_OBJC_IMPLEMENTATIONS = YES;
				CLANG_WARN_DIRECT_OBJC_ISA_USAGE = YES_ERROR;
				CLANG_WARN_DOCUMENTATION_COMMENTS = YES;
				CLANG_WARN_EMPTY_BODY = YES;
				CLANG_WARN_ENUM_CONVERSION = YES;
				CLANG_WARN_INFINITE_RECURSION = YES;
				CLANG_WARN_INT_CONVERSION = YES;
				CLANG_WARN_NON_LITERAL_NULL_CONVERSION = YES;
				CLANG_WARN_OBJC_IMPLICIT_RETAIN_SELF = YES;
				CLANG_WARN_OBJC_LITERAL_CONVERSION = YES;
				CLANG_WARN_OBJC_ROOT_CLASS = YES_ERROR;
				CLANG_WARN_QUOTED_INCLUDE_IN_FRAMEWORK_HEADER = YES;
				CLANG_WARN_RANGE_LOOP_ANALYSIS = YES;
				CLANG_WARN_STRICT_PROTOTYPES = YES;
				CLANG_WARN_SUSPICIOUS_MOVE = YES;
				CLANG_WARN_UNGUARDED_AVAILABILITY = YES_AGGRESSIVE;
				CLANG_WARN_UNREACHABLE_CODE = YES;
				CLANG_WARN__DUPLICATE_METHOD_MATCH = YES;
				COPY_PHASE_STRIP = NO;
				DEAD_CODE_STRIPPING = YES;
				DEBUG_INFORMATION_FORMAT = dwarf;
				ENABLE_STRICT_OBJC_MSGSEND = YES;
				ENABLE_TESTABILITY = YES;
				ENABLE_USER_SCRIPT_SANDBOXING = YES;
				GCC_C_LANGUAGE_STANDARD = gnu17;
				GCC_DYNAMIC_NO_PIC = NO;
				GCC_NO_COMMON_BLOCKS = YES;
				GCC_OPTIMIZATION_LEVEL = 0;
				GCC_PREPROCESSOR_DEFINITIONS = (
					"DEBUG=1",
					"$(inherited)",
				);
				GCC_WARN_64_TO_32_BIT_CONVERSION = YES;
				GCC_WARN_ABOUT_RETURN_TYPE = YES_ERROR;
				GCC_WARN_UNDECLARED_SELECTOR = YES;
				GCC_WARN_UNINITIALIZED_AUTOS = YES_AGGRESSIVE;
				GCC_WARN_UNUSED_FUNCTION = YES;
				GCC_WARN_UNUSED_VARIABLE = YES;
				LOCALIZATION_PREFERS_STRING_CATALOGS = YES;
				MACOSX_DEPLOYMENT_TARGET = 14.0;
				MTL_ENABLE_DEBUG_INFO = INCLUDE_SOURCE;
				MTL_FAST_MATH = YES;
				ONLY_ACTIVE_ARCH = YES;
				SDKROOT = macosx;
				STRING_CATALOG_GENERATE_SYMBOLS = YES;
				SWIFT_ACTIVE_COMPILATION_CONDITIONS = "DEBUG $(inherited)";
				SWIFT_OPTIMIZATION_LEVEL = "-Onone";
			};
			name = Debug;
		};
		F1A2B3C4D5E6F7A8B9C0D1E2 /* Release */ = {
			isa = XCBuildConfiguration;
			buildSettings = {
				ALWAYS_SEARCH_USER_PATHS = NO;
				ASSETCATALOG_COMPILER_GENERATE_SWIFT_ASSET_SYMBOL_EXTENSIONS = YES;
				CLANG_ANALYZER_NONNULL = YES;
				CLANG_ANALYZER_NUMBER_OBJECT_CONVERSION = YES_AGGRESSIVE;
				CLANG_CXX_LANGUAGE_STANDARD = "gnu++20";
				CLANG_ENABLE_MODULES = YES;
				CLANG_ENABLE_OBJC_ARC = YES;
				CLANG_ENABLE_OBJC_WEAK = YES;
				CLANG_WARN_BLOCK_CAPTURE_AUTORELEASING = YES;
				CLANG_WARN_BOOL_CONVERSION = YES;
				CLANG_WARN_COMMA = YES;
				CLANG_WARN_CONSTANT_CONVERSION = YES;
				CLANG_WARN_DEPRECATED_OBJC_IMPLEMENTATIONS = YES;
				CLANG_WARN_DIRECT_OBJC_ISA_USAGE = YES_ERROR;
				CLANG_WARN_DOCUMENTATION_COMMENTS = YES;
				CLANG_WARN_EMPTY_BODY = YES;
				CLANG_WARN_ENUM_CONVERSION = YES;
				CLANG_WARN_INFINITE_RECURSION = YES;
				CLANG_WARN_INT_CONVERSION = YES;
				CLANG_WARN_NON_LITERAL_NULL_CONVERSION = YES;
				CLANG_WARN_OBJC_IMPLICIT_RETAIN_SELF = YES;
				CLANG_WARN_OBJC_LITERAL_CONVERSION = YES;
				CLANG_WARN_OBJC_ROOT_CLASS = YES_ERROR;
				CLANG_WARN_QUOTED_INCLUDE_IN_FRAMEWORK_HEADER = YES;
				CLANG_WARN_RANGE_LOOP_ANALYSIS = YES;
				CLANG_WARN_STRICT_PROTOTYPES = YES;
				CLANG_WARN_SUSPICIOUS_MOVE = YES;
				CLANG_WARN_UNGUARDED_AVAILABILITY = YES_AGGRESSIVE;
				CLANG_WARN_UNREACHABLE_CODE = YES;
				CLANG_WARN__DUPLICATE_METHOD_MATCH = YES;
				COPY_PHASE_STRIP = NO;
				DEAD_CODE_STRIPPING = YES;
				DEBUG_INFORMATION_FORMAT = "dwarf-with-dsym";
				ENABLE_NS_ASSERTIONS = NO;
				ENABLE_STRICT_OBJC_MSGSEND = YES;
				ENABLE_USER_SCRIPT_SANDBOXING = YES;
				GCC_C_LANGUAGE_STANDARD = gnu17;
				GCC_NO_COMMON_BLOCKS = YES;
				GCC_WARN_64_TO_32_BIT_CONVERSION = YES;
				GCC_WARN_ABOUT_RETURN_TYPE = YES_ERROR;
				GCC_WARN_UNDECLARED_SELECTOR = YES;
				GCC_WARN_UNINITIALIZED_AUTOS = YES_AGGRESSIVE;
				GCC_WARN_UNUSED_FUNCTION = YES;
				GCC_WARN_UNUSED_VARIABLE = YES;
				LOCALIZATION_PREFERS_STRING_CATALOGS = YES;
				MACOSX_DEPLOYMENT_TARGET = 14.0;
				MTL_ENABLE_DEBUG_INFO = NO;
				MTL_FAST_MATH = YES;
				SDKROOT = macosx;
				STRING_CATALOG_GENERATE_SYMBOLS = YES;
				SWIFT_COMPILATION_MODE = wholemodule;
			};
			name = Release;
		};
		F1A2B3C4D5E6F7A8B9C0D1E3 /* Debug */ = {
			isa = XCBuildConfiguration;
			buildSettings = {
				ASSETCATALOG_COMPILER_APPICON_NAME = AppIcon;
				CODE_SIGN_ENTITLEMENTS = ClipVault/ClipVault.entitlements;
				CODE_SIGN_STYLE = Automatic;
				COMBINE_HIDPI_IMAGES = YES;
				CURRENT_PROJECT_VERSION = 2026.05.17.02;
				DEAD_CODE_STRIPPING = YES;
				ENABLE_HARDENED_RUNTIME = YES;
				INFOPLIST_FILE = ClipVault/Info.plist;
				LD_RUNPATH_SEARCH_PATHS = (
					"$(inherited)",
					"@executable_path/../Frameworks",
				);
				MARKETING_VERSION = 1.1.0;
				PRODUCT_BUNDLE_IDENTIFIER = com.clipvault.app;
				PRODUCT_NAME = "$(TARGET_NAME)";
				SWIFT_EMIT_LOC_STRINGS = YES;
				SWIFT_VERSION = 5.0;
			};
			name = Debug;
		};
		F1A2B3C4D5E6F7A8B9C0D1E4 /* Release */ = {
			isa = XCBuildConfiguration;
			buildSettings = {
				ASSETCATALOG_COMPILER_APPICON_NAME = AppIcon;
				CODE_SIGN_ENTITLEMENTS = ClipVault/ClipVault.entitlements;
				CODE_SIGN_STYLE = Automatic;
				COMBINE_HIDPI_IMAGES = YES;
				CURRENT_PROJECT_VERSION = 2026.05.17.02;
				DEAD_CODE_STRIPPING = YES;
				ENABLE_HARDENED_RUNTIME = YES;
				INFOPLIST_FILE = ClipVault/Info.plist;
				LD_RUNPATH_SEARCH_PATHS = (
					"$(inherited)",
					"@executable_path/../Frameworks",
				);
				MARKETING_VERSION = 1.1.0;
				PRODUCT_BUNDLE_IDENTIFIER = com.clipvault.app;
				PRODUCT_NAME = "$(TARGET_NAME)";
				SWIFT_EMIT_LOC_STRINGS = YES;
				SWIFT_VERSION = 5.0;
			};
			name = Release;
		};
		F1A2B3C4D5E6F7A8B9C0D2E1 /* Debug */ = {
			isa = XCBuildConfiguration;
			buildSettings = {
				BUNDLE_LOADER = "$(TEST_HOST)";
				CODE_SIGN_STYLE = Automatic;
				CURRENT_PROJECT_VERSION = 2026.05.17.02;
				DEAD_CODE_STRIPPING = YES;
				GENERATE_INFOPLIST_FILE = YES;
				MACOSX_DEPLOYMENT_TARGET = 14.0;
				MARKETING_VERSION = 1.1.0;
				PRODUCT_BUNDLE_IDENTIFIER = com.clipvault.app.tests;
				PRODUCT_NAME = "$(TARGET_NAME)";
				SWIFT_EMIT_LOC_STRINGS = NO;
				SWIFT_VERSION = 5.0;
				TEST_HOST = "$(BUILT_PRODUCTS_DIR)/ClipVault.app/Contents/MacOS/ClipVault";
			};
			name = Debug;
		};
		F1A2B3C4D5E6F7A8B9C0D2E2 /* Release */ = {
			isa = XCBuildConfiguration;
			buildSettings = {
				BUNDLE_LOADER = "$(TEST_HOST)";
				CODE_SIGN_STYLE = Automatic;
				CURRENT_PROJECT_VERSION = 2026.05.17.02;
				DEAD_CODE_STRIPPING = YES;
				GENERATE_INFOPLIST_FILE = YES;
				MACOSX_DEPLOYMENT_TARGET = 14.0;
				MARKETING_VERSION = 1.1.0;
				PRODUCT_BUNDLE_IDENTIFIER = com.clipvault.app.tests;
				PRODUCT_NAME = "$(TARGET_NAME)";
				SWIFT_EMIT_LOC_STRINGS = NO;
				SWIFT_VERSION = 5.0;
				TEST_HOST = "$(BUILT_PRODUCTS_DIR)/ClipVault.app/Contents/MacOS/ClipVault";
			};
			name = Release;
		};
/* End XCBuildConfiguration section */

/* Begin XCConfigurationList section */
		E1F2A3B4C5D6E7F8A9B0C1D1 /* Build configuration list for PBXProject "ClipVault" */ = {
			isa = XCConfigurationList;
			buildConfigurations = (
				F1A2B3C4D5E6F7A8B9C0D1E1 /* Debug */,
				F1A2B3C4D5E6F7A8B9C0D1E2 /* Release */,
			);
			defaultConfigurationIsVisible = 0;
			defaultConfigurationName = Release;
		};
		E1F2A3B4C5D6E7F8A9B0C1D2 /* Build configuration list for PBXNativeTarget "ClipVault" */ = {
			isa = XCConfigurationList;
			buildConfigurations = (
				F1A2B3C4D5E6F7A8B9C0D1E3 /* Debug */,
				F1A2B3C4D5E6F7A8B9C0D1E4 /* Release */,
			);
			defaultConfigurationIsVisible = 0;
			defaultConfigurationName = Release;
		};
		E1F2A3B4C5D6E7F8A9B0C2D1 /* Build configuration list for PBXNativeTarget "ClipVaultTests" */ = {
			isa = XCConfigurationList;
			buildConfigurations = (
				F1A2B3C4D5E6F7A8B9C0D2E1 /* Debug */,
				F1A2B3C4D5E6F7A8B9C0D2E2 /* Release */,
			);
			defaultConfigurationIsVisible = 0;
			defaultConfigurationName = Release;
		};
/* End XCConfigurationList section */

/* Begin XCRemoteSwiftPackageReference section */
		A3B4C5D6E7F8A9B0C1D2E3F4 /* XCRemoteSwiftPackageReference "GRDB" */ = {
			isa = XCRemoteSwiftPackageReference;
			repositoryURL = "https://github.com/groue/GRDB.swift";
			requirement = {
				kind = upToNextMajorVersion;
				minimumVersion = 6.29.0;
			};
		};
/* End XCRemoteSwiftPackageReference section */

/* Begin XCSwiftPackageProductDependency section */
		A3B4C5D6E7F8A9B0C1D2E3F5 /* GRDB */ = {
			isa = XCSwiftPackageProductDependency;
			package = A3B4C5D6E7F8A9B0C1D2E3F4 /* XCRemoteSwiftPackageReference "GRDB" */;
			productName = GRDB;
		};
/* End XCSwiftPackageProductDependency section */
	};
	rootObject = D1E2F3A4B5C6D7E8F9A0B1C2 /* Project object */;
}
